
Microsoft Visual Studio Solution File, Format Version 12.00
# Visual Studio 15
VisualStudioVersion = 15.0.27004.2002
MinimumVisualStudioVersion = 10.0.40219.1
Project("{FAE04EC0-301F-11D3-BF4B-00C04F79EFBC}") = "ConsoleApp2", "ConsoleApp2\ConsoleApp2.csproj", "{A1083654-C5BF-4DD9-822F-39BEB24D5A99}"
EndProject
Global
	GlobalSection(SolutionConfigurationPlatforms) = preSolution
		Debug|Any CPU = Debug|Any CPU
		Release|Any CPU = Release|Any CPU
	EndGlobalSection
	GlobalSection(ProjectConfigurationPlatforms) = postSolution
		{A1083654-C5BF-4DD9-822F-39BEB24D5A99}.Debug|Any CPU.ActiveCfg = Debug|Any CPU
		{A1083654-C5BF-4DD9-822F-39BEB24D5A99}.Debug|Any CPU.Build.0 = Debug|Any CPU
		{A1083654-C5BF-4DD9-822F-39BEB24D5A99}.Release|Any CPU.ActiveCfg = Release|Any CPU
		{A1083654-C5BF-4DD9-822F-39BEB24D5A99}.Release|Any CPU.Build.0 = Release|Any CPU
	EndGlobalSection
	GlobalSection(SolutionProperties) = preSolution
		HideSolutionNode = FALSE
	EndGlobalSection
	GlobalSection(ExtensibilityGlobals) = postSolution
		SolutionGuid = {0D99F600-BB9F-415D-B095-6D83325D6E73}
	EndGlobalSection
EndGlobal
